
Microsoft Visual Studio Solution File, Format Version 12.00
# 
Project("{FAE04EC0-301F-11D3-BF4B-00C04F79EFBC}") = "utils", "utils\utils.csproj", "{75312675-1EDD-4402-A4E6-FE7D6019D3A0}"
EndProject
Project("{FAE04EC0-301F-11D3-BF4B-00C04F79EFBC}") = "utils.tests", "utils.tests\utils.tests.csproj", "{25EAE29C-6F58-421C-B57D-12281050E53F}"
EndProject
Project("{FAE04EC0-301F-11D3-BF4B-00C04F79EFBC}") = "day-2021-12-01", "day-2021-12-01\day-2021-12-01.csproj", "{CA83EBDD-8E23-4CAC-A726-D1AFE74C653D}"
EndProject
Project("{FAE04EC0-301F-11D3-BF4B-00C04F79EFBC}") = "day-2021-12-01.app", "day-2021-12-01.app\day-2021-12-01.app.csproj", "{21D1ECE3-7500-4ACF-BE23-A84D88097331}"
EndProject
Project("{FAE04EC0-301F-11D3-BF4B-00C04F79EFBC}") = "day-2021-12-01.tests", "day-2021-12-01.tests\day-2021-12-01.tests.csproj", "{7C2E04D6-81A2-43DE-8FD6-BD854A3B0242}"
EndProject
Project("{FAE04EC0-301F-11D3-BF4B-00C04F79EFBC}") = "solutions.tests", "solutions.tests\solutions.tests.csproj", "{34C258A9-E8DF-4223-9556-4633ED01E29E}"
EndProject
Project("{FAE04EC0-301F-11D3-BF4B-00C04F79EFBC}") = "day-2021-12-02", "day-2021-12-02\day-2021-12-02.csproj", "{2BDE5345-C95D-4DBD-8417-4E2A41C7E537}"
EndProject
Project("{FAE04EC0-301F-11D3-BF4B-00C04F79EFBC}") = "day-2021-12-02.app", "day-2021-12-02.app\day-2021-12-02.app.csproj", "{F70FC06F-4049-45E2-8B88-229812B275D3}"
EndProject
Project("{FAE04EC0-301F-11D3-BF4B-00C04F79EFBC}") = "day-2021-12-02.tests", "day-2021-12-02.tests\day-2021-12-02.tests.csproj", "{76CDE200-A06A-4BB7-881B-F7EC56FD58ED}"
EndProject
Project("{FAE04EC0-301F-11D3-BF4B-00C04F79EFBC}") = "day-2021-12-03", "day-2021-12-03\day-2021-12-03.csproj", "{64E40BAC-6DF9-4931-8FDC-6FD40FD4E35D}"
EndProject
Project("{FAE04EC0-301F-11D3-BF4B-00C04F79EFBC}") = "day-2021-12-03.app", "day-2021-12-03.app\day-2021-12-03.app.csproj", "{91149FB2-04F7-428A-AB34-C6461B20F906}"
EndProject
Project("{FAE04EC0-301F-11D3-BF4B-00C04F79EFBC}") = "day-2021-12-03.tests", "day-2021-12-03.tests\day-2021-12-03.tests.csproj", "{673D69AA-1D40-4454-9CD8-E06347B6EB79}"
EndProject
Project("{FAE04EC0-301F-11D3-BF4B-00C04F79EFBC}") = "day-2021-12-04", "day-2021-12-04\day-2021-12-04.csproj", "{78AE7C83-58A7-4DCC-A095-8A78A99F2A82}"
EndProject
Project("{FAE04EC0-301F-11D3-BF4B-00C04F79EFBC}") = "day-2021-12-04.app", "day-2021-12-04.app\day-2021-12-04.app.csproj", "{25A56D4C-0589-4929-A179-FF4F767113D8}"
EndProject
Project("{FAE04EC0-301F-11D3-BF4B-00C04F79EFBC}") = "day-2021-12-04.tests", "day-2021-12-04.tests\day-2021-12-04.tests.csproj", "{BA8DF289-6160-4CF4-8DD5-0D463577E6DB}"
EndProject
Global
	GlobalSection(SolutionConfigurationPlatforms) = preSolution
		Debug|Any CPU = Debug|Any CPU
		Release|Any CPU = Release|Any CPU
	EndGlobalSection
	GlobalSection(ProjectConfigurationPlatforms) = postSolution
		{75312675-1EDD-4402-A4E6-FE7D6019D3A0}.Debug|Any CPU.ActiveCfg = Debug|Any CPU
		{75312675-1EDD-4402-A4E6-FE7D6019D3A0}.Debug|Any CPU.Build.0 = Debug|Any CPU
		{75312675-1EDD-4402-A4E6-FE7D6019D3A0}.Release|Any CPU.ActiveCfg = Release|Any CPU
		{75312675-1EDD-4402-A4E6-FE7D6019D3A0}.Release|Any CPU.Build.0 = Release|Any CPU
		{25EAE29C-6F58-421C-B57D-12281050E53F}.Debug|Any CPU.ActiveCfg = Debug|Any CPU
		{25EAE29C-6F58-421C-B57D-12281050E53F}.Debug|Any CPU.Build.0 = Debug|Any CPU
		{25EAE29C-6F58-421C-B57D-12281050E53F}.Release|Any CPU.ActiveCfg = Release|Any CPU
		{25EAE29C-6F58-421C-B57D-12281050E53F}.Release|Any CPU.Build.0 = Release|Any CPU
		{CA83EBDD-8E23-4CAC-A726-D1AFE74C653D}.Debug|Any CPU.ActiveCfg = Debug|Any CPU
		{CA83EBDD-8E23-4CAC-A726-D1AFE74C653D}.Debug|Any CPU.Build.0 = Debug|Any CPU
		{CA83EBDD-8E23-4CAC-A726-D1AFE74C653D}.Release|Any CPU.ActiveCfg = Release|Any CPU
		{CA83EBDD-8E23-4CAC-A726-D1AFE74C653D}.Release|Any CPU.Build.0 = Release|Any CPU
		{21D1ECE3-7500-4ACF-BE23-A84D88097331}.Debug|Any CPU.ActiveCfg = Debug|Any CPU
		{21D1ECE3-7500-4ACF-BE23-A84D88097331}.Debug|Any CPU.Build.0 = Debug|Any CPU
		{21D1ECE3-7500-4ACF-BE23-A84D88097331}.Release|Any CPU.ActiveCfg = Release|Any CPU
		{21D1ECE3-7500-4ACF-BE23-A84D88097331}.Release|Any CPU.Build.0 = Release|Any CPU
		{7C2E04D6-81A2-43DE-8FD6-BD854A3B0242}.Debug|Any CPU.ActiveCfg = Debug|Any CPU
		{7C2E04D6-81A2-43DE-8FD6-BD854A3B0242}.Debug|Any CPU.Build.0 = Debug|Any CPU
		{7C2E04D6-81A2-43DE-8FD6-BD854A3B0242}.Release|Any CPU.ActiveCfg = Release|Any CPU
		{7C2E04D6-81A2-43DE-8FD6-BD854A3B0242}.Release|Any CPU.Build.0 = Release|Any CPU
		{34C258A9-E8DF-4223-9556-4633ED01E29E}.Debug|Any CPU.ActiveCfg = Debug|Any CPU
		{34C258A9-E8DF-4223-9556-4633ED01E29E}.Debug|Any CPU.Build.0 = Debug|Any CPU
		{34C258A9-E8DF-4223-9556-4633ED01E29E}.Release|Any CPU.ActiveCfg = Release|Any CPU
		{34C258A9-E8DF-4223-9556-4633ED01E29E}.Release|Any CPU.Build.0 = Release|Any CPU
		{2BDE5345-C95D-4DBD-8417-4E2A41C7E537}.Debug|Any CPU.ActiveCfg = Debug|Any CPU
		{2BDE5345-C95D-4DBD-8417-4E2A41C7E537}.Debug|Any CPU.Build.0 = Debug|Any CPU
		{2BDE5345-C95D-4DBD-8417-4E2A41C7E537}.Release|Any CPU.ActiveCfg = Release|Any CPU
		{2BDE5345-C95D-4DBD-8417-4E2A41C7E537}.Release|Any CPU.Build.0 = Release|Any CPU
		{F70FC06F-4049-45E2-8B88-229812B275D3}.Debug|Any CPU.ActiveCfg = Debug|Any CPU
		{F70FC06F-4049-45E2-8B88-229812B275D3}.Debug|Any CPU.Build.0 = Debug|Any CPU
		{F70FC06F-4049-45E2-8B88-229812B275D3}.Release|Any CPU.ActiveCfg = Release|Any CPU
		{F70FC06F-4049-45E2-8B88-229812B275D3}.Release|Any CPU.Build.0 = Release|Any CPU
		{76CDE200-A06A-4BB7-881B-F7EC56FD58ED}.Debug|Any CPU.ActiveCfg = Debug|Any CPU
		{76CDE200-A06A-4BB7-881B-F7EC56FD58ED}.Debug|Any CPU.Build.0 = Debug|Any CPU
		{76CDE200-A06A-4BB7-881B-F7EC56FD58ED}.Release|Any CPU.ActiveCfg = Release|Any CPU
		{76CDE200-A06A-4BB7-881B-F7EC56FD58ED}.Release|Any CPU.Build.0 = Release|Any CPU
		{64E40BAC-6DF9-4931-8FDC-6FD40FD4E35D}.Debug|Any CPU.ActiveCfg = Debug|Any CPU
		{64E40BAC-6DF9-4931-8FDC-6FD40FD4E35D}.Debug|Any CPU.Build.0 = Debug|Any CPU
		{64E40BAC-6DF9-4931-8FDC-6FD40FD4E35D}.Release|Any CPU.ActiveCfg = Release|Any CPU
		{64E40BAC-6DF9-4931-8FDC-6FD40FD4E35D}.Release|Any CPU.Build.0 = Release|Any CPU
		{91149FB2-04F7-428A-AB34-C6461B20F906}.Debug|Any CPU.ActiveCfg = Debug|Any CPU
		{91149FB2-04F7-428A-AB34-C6461B20F906}.Debug|Any CPU.Build.0 = Debug|Any CPU
		{91149FB2-04F7-428A-AB34-C6461B20F906}.Release|Any CPU.ActiveCfg = Release|Any CPU
		{91149FB2-04F7-428A-AB34-C6461B20F906}.Release|Any CPU.Build.0 = Release|Any CPU
		{673D69AA-1D40-4454-9CD8-E06347B6EB79}.Debug|Any CPU.ActiveCfg = Debug|Any CPU
		{673D69AA-1D40-4454-9CD8-E06347B6EB79}.Debug|Any CPU.Build.0 = Debug|Any CPU
		{673D69AA-1D40-4454-9CD8-E06347B6EB79}.Release|Any CPU.ActiveCfg = Release|Any CPU
		{673D69AA-1D40-4454-9CD8-E06347B6EB79}.Release|Any CPU.Build.0 = Release|Any CPU
		{78AE7C83-58A7-4DCC-A095-8A78A99F2A82}.Debug|Any CPU.ActiveCfg = Debug|Any CPU
		{78AE7C83-58A7-4DCC-A095-8A78A99F2A82}.Debug|Any CPU.Build.0 = Debug|Any CPU
		{78AE7C83-58A7-4DCC-A095-8A78A99F2A82}.Release|Any CPU.ActiveCfg = Release|Any CPU
		{78AE7C83-58A7-4DCC-A095-8A78A99F2A82}.Release|Any CPU.Build.0 = Release|Any CPU
		{25A56D4C-0589-4929-A179-FF4F767113D8}.Debug|Any CPU.ActiveCfg = Debug|Any CPU
		{25A56D4C-0589-4929-A179-FF4F767113D8}.Debug|Any CPU.Build.0 = Debug|Any CPU
		{25A56D4C-0589-4929-A179-FF4F767113D8}.Release|Any CPU.ActiveCfg = Release|Any CPU
		{25A56D4C-0589-4929-A179-FF4F767113D8}.Release|Any CPU.Build.0 = Release|Any CPU
		{BA8DF289-6160-4CF4-8DD5-0D463577E6DB}.Debug|Any CPU.ActiveCfg = Debug|Any CPU
		{BA8DF289-6160-4CF4-8DD5-0D463577E6DB}.Debug|Any CPU.Build.0 = Debug|Any CPU
		{BA8DF289-6160-4CF4-8DD5-0D463577E6DB}.Release|Any CPU.ActiveCfg = Release|Any CPU
		{BA8DF289-6160-4CF4-8DD5-0D463577E6DB}.Release|Any CPU.Build.0 = Release|Any CPU
	EndGlobalSection
EndGlobal
