
Microsoft Visual Studio Solution File, Format Version 12.00
# 
Project("{FAE04EC0-301F-11D3-BF4B-00C04F79EFBC}") = "utils", "utils\utils.csproj", "{75312675-1EDD-4402-A4E6-FE7D6019D3A0}"
EndProject
Project("{FAE04EC0-301F-11D3-BF4B-00C04F79EFBC}") = "utils.tests", "utils.tests\utils.tests.csproj", "{25EAE29C-6F58-421C-B57D-12281050E53F}"
EndProject
Project("{FAE04EC0-301F-11D3-BF4B-00C04F79EFBC}") = "day-2021-12-01", "day-2021-12-01\day-2021-12-01.csproj", "{CA83EBDD-8E23-4CAC-A726-D1AFE74C653D}"
EndProject
Project("{FAE04EC0-301F-11D3-BF4B-00C04F79EFBC}") = "day-2021-12-01.app", "day-2021-12-01.app\day-2021-12-01.app.csproj", "{21D1ECE3-7500-4ACF-BE23-A84D88097331}"
EndProject
Project("{FAE04EC0-301F-11D3-BF4B-00C04F79EFBC}") = "day-2021-12-01.tests", "day-2021-12-01.tests\day-2021-12-01.tests.csproj", "{7C2E04D6-81A2-43DE-8FD6-BD854A3B0242}"
EndProject
Project("{FAE04EC0-301F-11D3-BF4B-00C04F79EFBC}") = "solutions.tests", "solutions.tests\solutions.tests.csproj", "{34C258A9-E8DF-4223-9556-4633ED01E29E}"
EndProject
Project("{FAE04EC0-301F-11D3-BF4B-00C04F79EFBC}") = "day-2021-12-02", "day-2021-12-02\day-2021-12-02.csproj", "{2BDE5345-C95D-4DBD-8417-4E2A41C7E537}"
EndProject
Project("{FAE04EC0-301F-11D3-BF4B-00C04F79EFBC}") = "day-2021-12-02.app", "day-2021-12-02.app\day-2021-12-02.app.csproj", "{F70FC06F-4049-45E2-8B88-229812B275D3}"
EndProject
Project("{FAE04EC0-301F-11D3-BF4B-00C04F79EFBC}") = "day-2021-12-02.tests", "day-2021-12-02.tests\day-2021-12-02.tests.csproj", "{76CDE200-A06A-4BB7-881B-F7EC56FD58ED}"
EndProject
Project("{FAE04EC0-301F-11D3-BF4B-00C04F79EFBC}") = "day-2021-12-03", "day-2021-12-03\day-2021-12-03.csproj", "{64E40BAC-6DF9-4931-8FDC-6FD40FD4E35D}"
EndProject
Project("{FAE04EC0-301F-11D3-BF4B-00C04F79EFBC}") = "day-2021-12-03.app", "day-2021-12-03.app\day-2021-12-03.app.csproj", "{91149FB2-04F7-428A-AB34-C6461B20F906}"
EndProject
Project("{FAE04EC0-301F-11D3-BF4B-00C04F79EFBC}") = "day-2021-12-03.tests", "day-2021-12-03.tests\day-2021-12-03.tests.csproj", "{673D69AA-1D40-4454-9CD8-E06347B6EB79}"
EndProject
Project("{FAE04EC0-301F-11D3-BF4B-00C04F79EFBC}") = "day-2021-12-04", "day-2021-12-04\day-2021-12-04.csproj", "{78AE7C83-58A7-4DCC-A095-8A78A99F2A82}"
EndProject
Project("{FAE04EC0-301F-11D3-BF4B-00C04F79EFBC}") = "day-2021-12-04.app", "day-2021-12-04.app\day-2021-12-04.app.csproj", "{25A56D4C-0589-4929-A179-FF4F767113D8}"
EndProject
Project("{FAE04EC0-301F-11D3-BF4B-00C04F79EFBC}") = "day-2021-12-04.tests", "day-2021-12-04.tests\day-2021-12-04.tests.csproj", "{BA8DF289-6160-4CF4-8DD5-0D463577E6DB}"
EndProject
Project("{FAE04EC0-301F-11D3-BF4B-00C04F79EFBC}") = "day-2021-12-05", "day-2021-12-05\day-2021-12-05.csproj", "{B8D95DF9-2CC0-49B9-B339-20CF0278A65C}"
EndProject
Project("{FAE04EC0-301F-11D3-BF4B-00C04F79EFBC}") = "day-2021-12-05.app", "day-2021-12-05.app\day-2021-12-05.app.csproj", "{74C9C02E-7CC3-43BC-93F1-7E1D51675DD6}"
EndProject
Project("{FAE04EC0-301F-11D3-BF4B-00C04F79EFBC}") = "day-2021-12-05.tests", "day-2021-12-05.tests\day-2021-12-05.tests.csproj", "{ED8D7E15-4640-4ED9-B1F7-B3C3960FC1DB}"
EndProject
Project("{FAE04EC0-301F-11D3-BF4B-00C04F79EFBC}") = "day-2021-12-06", "day-2021-12-06\day-2021-12-06.csproj", "{A0E20CB4-CC44-4F88-9BCD-51341C795E58}"
EndProject
Project("{FAE04EC0-301F-11D3-BF4B-00C04F79EFBC}") = "day-2021-12-06.app", "day-2021-12-06.app\day-2021-12-06.app.csproj", "{8CF6AA92-F6A8-48B1-955B-E12E990B3FA4}"
EndProject
Project("{FAE04EC0-301F-11D3-BF4B-00C04F79EFBC}") = "day-2021-12-06.tests", "day-2021-12-06.tests\day-2021-12-06.tests.csproj", "{72AAEDEE-A5E4-4AC6-A572-2787156D973C}"
EndProject
Project("{FAE04EC0-301F-11D3-BF4B-00C04F79EFBC}") = "day-2021-12-07", "day-2021-12-07\day-2021-12-07.csproj", "{C213F8A3-2C35-4FEA-9C55-34346BA81A1E}"
EndProject
Project("{FAE04EC0-301F-11D3-BF4B-00C04F79EFBC}") = "day-2021-12-07.app", "day-2021-12-07.app\day-2021-12-07.app.csproj", "{BC935EE5-468D-40F3-895A-3C8C2CB16D14}"
EndProject
Project("{FAE04EC0-301F-11D3-BF4B-00C04F79EFBC}") = "day-2021-12-07.tests", "day-2021-12-07.tests\day-2021-12-07.tests.csproj", "{D7BD15B2-F44C-4707-8D49-91217A603A62}"
EndProject
Project("{FAE04EC0-301F-11D3-BF4B-00C04F79EFBC}") = "day-2021-12-08", "day-2021-12-08\day-2021-12-08.csproj", "{3340C2EE-5002-46AB-9905-031C4B25DEB1}"
EndProject
Project("{FAE04EC0-301F-11D3-BF4B-00C04F79EFBC}") = "day-2021-12-08.app", "day-2021-12-08.app\day-2021-12-08.app.csproj", "{E35E880C-EB7C-433D-9518-36CE59514480}"
EndProject
Project("{FAE04EC0-301F-11D3-BF4B-00C04F79EFBC}") = "day-2021-12-08.tests", "day-2021-12-08.tests\day-2021-12-08.tests.csproj", "{FA6A3D58-8B62-4A51-8D50-3B96387D8E16}"
EndProject
Project("{FAE04EC0-301F-11D3-BF4B-00C04F79EFBC}") = "day-2021-12-09", "day-2021-12-09\day-2021-12-09.csproj", "{9C503201-ADCD-4208-A551-F2A4F197C8B8}"
EndProject
Project("{FAE04EC0-301F-11D3-BF4B-00C04F79EFBC}") = "day-2021-12-09.app", "day-2021-12-09.app\day-2021-12-09.app.csproj", "{E43B852A-1DD8-4AEB-9D43-D7EB2A04A6DD}"
EndProject
Project("{FAE04EC0-301F-11D3-BF4B-00C04F79EFBC}") = "day-2021-12-09.tests", "day-2021-12-09.tests\day-2021-12-09.tests.csproj", "{D6DF74EC-9045-4F2D-9D7E-F21E9D3ED68D}"
EndProject
Project("{FAE04EC0-301F-11D3-BF4B-00C04F79EFBC}") = "day-2021-12-10", "day-2021-12-10\day-2021-12-10.csproj", "{7494496E-8D15-4E3D-BAE7-D147B5F87666}"
EndProject
Project("{FAE04EC0-301F-11D3-BF4B-00C04F79EFBC}") = "day-2021-12-10.app", "day-2021-12-10.app\day-2021-12-10.app.csproj", "{91384748-CAB7-4792-8004-4BE4D7BD7AC3}"
EndProject
Project("{FAE04EC0-301F-11D3-BF4B-00C04F79EFBC}") = "day-2021-12-10.tests", "day-2021-12-10.tests\day-2021-12-10.tests.csproj", "{CF9E5B51-6F3E-4859-A258-FD20A42BC8C8}"
EndProject
Project("{FAE04EC0-301F-11D3-BF4B-00C04F79EFBC}") = "day-2021-12-11", "day-2021-12-11\day-2021-12-11.csproj", "{C0B1339B-DC71-4A43-B00F-DFA726EBB636}"
EndProject
Project("{FAE04EC0-301F-11D3-BF4B-00C04F79EFBC}") = "day-2021-12-11.app", "day-2021-12-11.app\day-2021-12-11.app.csproj", "{FA730380-0E68-4A28-8150-6E1B932B2C96}"
EndProject
Project("{FAE04EC0-301F-11D3-BF4B-00C04F79EFBC}") = "day-2021-12-11.tests", "day-2021-12-11.tests\day-2021-12-11.tests.csproj", "{53F251AB-E0DC-4B70-A181-9D94D9C5314E}"
EndProject
Project("{FAE04EC0-301F-11D3-BF4B-00C04F79EFBC}") = "day-2021-12-12", "day-2021-12-12\day-2021-12-12.csproj", "{996B86E6-C0FC-4A63-8752-CECDE94BAB69}"
EndProject
Project("{FAE04EC0-301F-11D3-BF4B-00C04F79EFBC}") = "day-2021-12-12.app", "day-2021-12-12.app\day-2021-12-12.app.csproj", "{299172C6-A910-433E-A060-D05A9370D152}"
EndProject
Project("{FAE04EC0-301F-11D3-BF4B-00C04F79EFBC}") = "day-2021-12-12.tests", "day-2021-12-12.tests\day-2021-12-12.tests.csproj", "{0BFB8971-7DD7-4B4F-9F9D-BDF9FF5CA3E5}"
EndProject
Project("{FAE04EC0-301F-11D3-BF4B-00C04F79EFBC}") = "day-2021-12-13", "day-2021-12-13\day-2021-12-13.csproj", "{2500438C-2699-4898-A69E-968845E1F8B4}"
EndProject
Project("{FAE04EC0-301F-11D3-BF4B-00C04F79EFBC}") = "day-2021-12-13.app", "day-2021-12-13.app\day-2021-12-13.app.csproj", "{185073C1-E810-47E4-9259-E438FB3927E6}"
EndProject
Project("{FAE04EC0-301F-11D3-BF4B-00C04F79EFBC}") = "day-2021-12-13.tests", "day-2021-12-13.tests\day-2021-12-13.tests.csproj", "{6A5BB4C9-B333-49AD-9EF5-7CAF17D161E0}"
EndProject
Project("{FAE04EC0-301F-11D3-BF4B-00C04F79EFBC}") = "day-2021-12-14", "day-2021-12-14\day-2021-12-14.csproj", "{EE51FCD7-869F-4AFA-B85B-4030504B1663}"
EndProject
Project("{FAE04EC0-301F-11D3-BF4B-00C04F79EFBC}") = "day-2021-12-14.app", "day-2021-12-14.app\day-2021-12-14.app.csproj", "{608DC362-3A1D-4328-834A-BA0B836D5AA4}"
EndProject
Project("{FAE04EC0-301F-11D3-BF4B-00C04F79EFBC}") = "day-2021-12-14.tests", "day-2021-12-14.tests\day-2021-12-14.tests.csproj", "{EF8AE7B9-E9EF-4714-85FE-31CB2A3482F5}"
EndProject
Project("{FAE04EC0-301F-11D3-BF4B-00C04F79EFBC}") = "day-2021-12-15", "day-2021-12-15\day-2021-12-15.csproj", "{5D155D28-F5DF-42AB-9C65-FB0CE0327C20}"
EndProject
Project("{FAE04EC0-301F-11D3-BF4B-00C04F79EFBC}") = "day-2021-12-15.app", "day-2021-12-15.app\day-2021-12-15.app.csproj", "{6BB6D8B4-F2CA-4852-8284-F638E1151170}"
EndProject
Project("{FAE04EC0-301F-11D3-BF4B-00C04F79EFBC}") = "day-2021-12-15.tests", "day-2021-12-15.tests\day-2021-12-15.tests.csproj", "{2C5CB516-FED9-4C8A-8880-5E1E5F7AD03B}"
EndProject
Global
	GlobalSection(SolutionConfigurationPlatforms) = preSolution
		Debug|Any CPU = Debug|Any CPU
		Release|Any CPU = Release|Any CPU
	EndGlobalSection
	GlobalSection(ProjectConfigurationPlatforms) = postSolution
		{75312675-1EDD-4402-A4E6-FE7D6019D3A0}.Debug|Any CPU.ActiveCfg = Debug|Any CPU
		{75312675-1EDD-4402-A4E6-FE7D6019D3A0}.Debug|Any CPU.Build.0 = Debug|Any CPU
		{75312675-1EDD-4402-A4E6-FE7D6019D3A0}.Release|Any CPU.ActiveCfg = Release|Any CPU
		{75312675-1EDD-4402-A4E6-FE7D6019D3A0}.Release|Any CPU.Build.0 = Release|Any CPU
		{25EAE29C-6F58-421C-B57D-12281050E53F}.Debug|Any CPU.ActiveCfg = Debug|Any CPU
		{25EAE29C-6F58-421C-B57D-12281050E53F}.Debug|Any CPU.Build.0 = Debug|Any CPU
		{25EAE29C-6F58-421C-B57D-12281050E53F}.Release|Any CPU.ActiveCfg = Release|Any CPU
		{25EAE29C-6F58-421C-B57D-12281050E53F}.Release|Any CPU.Build.0 = Release|Any CPU
		{CA83EBDD-8E23-4CAC-A726-D1AFE74C653D}.Debug|Any CPU.ActiveCfg = Debug|Any CPU
		{CA83EBDD-8E23-4CAC-A726-D1AFE74C653D}.Debug|Any CPU.Build.0 = Debug|Any CPU
		{CA83EBDD-8E23-4CAC-A726-D1AFE74C653D}.Release|Any CPU.ActiveCfg = Release|Any CPU
		{CA83EBDD-8E23-4CAC-A726-D1AFE74C653D}.Release|Any CPU.Build.0 = Release|Any CPU
		{21D1ECE3-7500-4ACF-BE23-A84D88097331}.Debug|Any CPU.ActiveCfg = Debug|Any CPU
		{21D1ECE3-7500-4ACF-BE23-A84D88097331}.Debug|Any CPU.Build.0 = Debug|Any CPU
		{21D1ECE3-7500-4ACF-BE23-A84D88097331}.Release|Any CPU.ActiveCfg = Release|Any CPU
		{21D1ECE3-7500-4ACF-BE23-A84D88097331}.Release|Any CPU.Build.0 = Release|Any CPU
		{7C2E04D6-81A2-43DE-8FD6-BD854A3B0242}.Debug|Any CPU.ActiveCfg = Debug|Any CPU
		{7C2E04D6-81A2-43DE-8FD6-BD854A3B0242}.Debug|Any CPU.Build.0 = Debug|Any CPU
		{7C2E04D6-81A2-43DE-8FD6-BD854A3B0242}.Release|Any CPU.ActiveCfg = Release|Any CPU
		{7C2E04D6-81A2-43DE-8FD6-BD854A3B0242}.Release|Any CPU.Build.0 = Release|Any CPU
		{34C258A9-E8DF-4223-9556-4633ED01E29E}.Debug|Any CPU.ActiveCfg = Debug|Any CPU
		{34C258A9-E8DF-4223-9556-4633ED01E29E}.Debug|Any CPU.Build.0 = Debug|Any CPU
		{34C258A9-E8DF-4223-9556-4633ED01E29E}.Release|Any CPU.ActiveCfg = Release|Any CPU
		{34C258A9-E8DF-4223-9556-4633ED01E29E}.Release|Any CPU.Build.0 = Release|Any CPU
		{2BDE5345-C95D-4DBD-8417-4E2A41C7E537}.Debug|Any CPU.ActiveCfg = Debug|Any CPU
		{2BDE5345-C95D-4DBD-8417-4E2A41C7E537}.Debug|Any CPU.Build.0 = Debug|Any CPU
		{2BDE5345-C95D-4DBD-8417-4E2A41C7E537}.Release|Any CPU.ActiveCfg = Release|Any CPU
		{2BDE5345-C95D-4DBD-8417-4E2A41C7E537}.Release|Any CPU.Build.0 = Release|Any CPU
		{F70FC06F-4049-45E2-8B88-229812B275D3}.Debug|Any CPU.ActiveCfg = Debug|Any CPU
		{F70FC06F-4049-45E2-8B88-229812B275D3}.Debug|Any CPU.Build.0 = Debug|Any CPU
		{F70FC06F-4049-45E2-8B88-229812B275D3}.Release|Any CPU.ActiveCfg = Release|Any CPU
		{F70FC06F-4049-45E2-8B88-229812B275D3}.Release|Any CPU.Build.0 = Release|Any CPU
		{76CDE200-A06A-4BB7-881B-F7EC56FD58ED}.Debug|Any CPU.ActiveCfg = Debug|Any CPU
		{76CDE200-A06A-4BB7-881B-F7EC56FD58ED}.Debug|Any CPU.Build.0 = Debug|Any CPU
		{76CDE200-A06A-4BB7-881B-F7EC56FD58ED}.Release|Any CPU.ActiveCfg = Release|Any CPU
		{76CDE200-A06A-4BB7-881B-F7EC56FD58ED}.Release|Any CPU.Build.0 = Release|Any CPU
		{64E40BAC-6DF9-4931-8FDC-6FD40FD4E35D}.Debug|Any CPU.ActiveCfg = Debug|Any CPU
		{64E40BAC-6DF9-4931-8FDC-6FD40FD4E35D}.Debug|Any CPU.Build.0 = Debug|Any CPU
		{64E40BAC-6DF9-4931-8FDC-6FD40FD4E35D}.Release|Any CPU.ActiveCfg = Release|Any CPU
		{64E40BAC-6DF9-4931-8FDC-6FD40FD4E35D}.Release|Any CPU.Build.0 = Release|Any CPU
		{91149FB2-04F7-428A-AB34-C6461B20F906}.Debug|Any CPU.ActiveCfg = Debug|Any CPU
		{91149FB2-04F7-428A-AB34-C6461B20F906}.Debug|Any CPU.Build.0 = Debug|Any CPU
		{91149FB2-04F7-428A-AB34-C6461B20F906}.Release|Any CPU.ActiveCfg = Release|Any CPU
		{91149FB2-04F7-428A-AB34-C6461B20F906}.Release|Any CPU.Build.0 = Release|Any CPU
		{673D69AA-1D40-4454-9CD8-E06347B6EB79}.Debug|Any CPU.ActiveCfg = Debug|Any CPU
		{673D69AA-1D40-4454-9CD8-E06347B6EB79}.Debug|Any CPU.Build.0 = Debug|Any CPU
		{673D69AA-1D40-4454-9CD8-E06347B6EB79}.Release|Any CPU.ActiveCfg = Release|Any CPU
		{673D69AA-1D40-4454-9CD8-E06347B6EB79}.Release|Any CPU.Build.0 = Release|Any CPU
		{78AE7C83-58A7-4DCC-A095-8A78A99F2A82}.Debug|Any CPU.ActiveCfg = Debug|Any CPU
		{78AE7C83-58A7-4DCC-A095-8A78A99F2A82}.Debug|Any CPU.Build.0 = Debug|Any CPU
		{78AE7C83-58A7-4DCC-A095-8A78A99F2A82}.Release|Any CPU.ActiveCfg = Release|Any CPU
		{78AE7C83-58A7-4DCC-A095-8A78A99F2A82}.Release|Any CPU.Build.0 = Release|Any CPU
		{25A56D4C-0589-4929-A179-FF4F767113D8}.Debug|Any CPU.ActiveCfg = Debug|Any CPU
		{25A56D4C-0589-4929-A179-FF4F767113D8}.Debug|Any CPU.Build.0 = Debug|Any CPU
		{25A56D4C-0589-4929-A179-FF4F767113D8}.Release|Any CPU.ActiveCfg = Release|Any CPU
		{25A56D4C-0589-4929-A179-FF4F767113D8}.Release|Any CPU.Build.0 = Release|Any CPU
		{BA8DF289-6160-4CF4-8DD5-0D463577E6DB}.Debug|Any CPU.ActiveCfg = Debug|Any CPU
		{BA8DF289-6160-4CF4-8DD5-0D463577E6DB}.Debug|Any CPU.Build.0 = Debug|Any CPU
		{BA8DF289-6160-4CF4-8DD5-0D463577E6DB}.Release|Any CPU.ActiveCfg = Release|Any CPU
		{BA8DF289-6160-4CF4-8DD5-0D463577E6DB}.Release|Any CPU.Build.0 = Release|Any CPU
		{B8D95DF9-2CC0-49B9-B339-20CF0278A65C}.Debug|Any CPU.ActiveCfg = Debug|Any CPU
		{B8D95DF9-2CC0-49B9-B339-20CF0278A65C}.Debug|Any CPU.Build.0 = Debug|Any CPU
		{B8D95DF9-2CC0-49B9-B339-20CF0278A65C}.Release|Any CPU.ActiveCfg = Release|Any CPU
		{B8D95DF9-2CC0-49B9-B339-20CF0278A65C}.Release|Any CPU.Build.0 = Release|Any CPU
		{74C9C02E-7CC3-43BC-93F1-7E1D51675DD6}.Debug|Any CPU.ActiveCfg = Debug|Any CPU
		{74C9C02E-7CC3-43BC-93F1-7E1D51675DD6}.Debug|Any CPU.Build.0 = Debug|Any CPU
		{74C9C02E-7CC3-43BC-93F1-7E1D51675DD6}.Release|Any CPU.ActiveCfg = Release|Any CPU
		{74C9C02E-7CC3-43BC-93F1-7E1D51675DD6}.Release|Any CPU.Build.0 = Release|Any CPU
		{ED8D7E15-4640-4ED9-B1F7-B3C3960FC1DB}.Debug|Any CPU.ActiveCfg = Debug|Any CPU
		{ED8D7E15-4640-4ED9-B1F7-B3C3960FC1DB}.Debug|Any CPU.Build.0 = Debug|Any CPU
		{ED8D7E15-4640-4ED9-B1F7-B3C3960FC1DB}.Release|Any CPU.ActiveCfg = Release|Any CPU
		{ED8D7E15-4640-4ED9-B1F7-B3C3960FC1DB}.Release|Any CPU.Build.0 = Release|Any CPU
		{A0E20CB4-CC44-4F88-9BCD-51341C795E58}.Debug|Any CPU.ActiveCfg = Debug|Any CPU
		{A0E20CB4-CC44-4F88-9BCD-51341C795E58}.Debug|Any CPU.Build.0 = Debug|Any CPU
		{A0E20CB4-CC44-4F88-9BCD-51341C795E58}.Release|Any CPU.ActiveCfg = Release|Any CPU
		{A0E20CB4-CC44-4F88-9BCD-51341C795E58}.Release|Any CPU.Build.0 = Release|Any CPU
		{8CF6AA92-F6A8-48B1-955B-E12E990B3FA4}.Debug|Any CPU.ActiveCfg = Debug|Any CPU
		{8CF6AA92-F6A8-48B1-955B-E12E990B3FA4}.Debug|Any CPU.Build.0 = Debug|Any CPU
		{8CF6AA92-F6A8-48B1-955B-E12E990B3FA4}.Release|Any CPU.ActiveCfg = Release|Any CPU
		{8CF6AA92-F6A8-48B1-955B-E12E990B3FA4}.Release|Any CPU.Build.0 = Release|Any CPU
		{72AAEDEE-A5E4-4AC6-A572-2787156D973C}.Debug|Any CPU.ActiveCfg = Debug|Any CPU
		{72AAEDEE-A5E4-4AC6-A572-2787156D973C}.Debug|Any CPU.Build.0 = Debug|Any CPU
		{72AAEDEE-A5E4-4AC6-A572-2787156D973C}.Release|Any CPU.ActiveCfg = Release|Any CPU
		{72AAEDEE-A5E4-4AC6-A572-2787156D973C}.Release|Any CPU.Build.0 = Release|Any CPU
		{C213F8A3-2C35-4FEA-9C55-34346BA81A1E}.Debug|Any CPU.ActiveCfg = Debug|Any CPU
		{C213F8A3-2C35-4FEA-9C55-34346BA81A1E}.Debug|Any CPU.Build.0 = Debug|Any CPU
		{C213F8A3-2C35-4FEA-9C55-34346BA81A1E}.Release|Any CPU.ActiveCfg = Release|Any CPU
		{C213F8A3-2C35-4FEA-9C55-34346BA81A1E}.Release|Any CPU.Build.0 = Release|Any CPU
		{BC935EE5-468D-40F3-895A-3C8C2CB16D14}.Debug|Any CPU.ActiveCfg = Debug|Any CPU
		{BC935EE5-468D-40F3-895A-3C8C2CB16D14}.Debug|Any CPU.Build.0 = Debug|Any CPU
		{BC935EE5-468D-40F3-895A-3C8C2CB16D14}.Release|Any CPU.ActiveCfg = Release|Any CPU
		{BC935EE5-468D-40F3-895A-3C8C2CB16D14}.Release|Any CPU.Build.0 = Release|Any CPU
		{D7BD15B2-F44C-4707-8D49-91217A603A62}.Debug|Any CPU.ActiveCfg = Debug|Any CPU
		{D7BD15B2-F44C-4707-8D49-91217A603A62}.Debug|Any CPU.Build.0 = Debug|Any CPU
		{D7BD15B2-F44C-4707-8D49-91217A603A62}.Release|Any CPU.ActiveCfg = Release|Any CPU
		{D7BD15B2-F44C-4707-8D49-91217A603A62}.Release|Any CPU.Build.0 = Release|Any CPU
		{3340C2EE-5002-46AB-9905-031C4B25DEB1}.Debug|Any CPU.ActiveCfg = Debug|Any CPU
		{3340C2EE-5002-46AB-9905-031C4B25DEB1}.Debug|Any CPU.Build.0 = Debug|Any CPU
		{3340C2EE-5002-46AB-9905-031C4B25DEB1}.Release|Any CPU.ActiveCfg = Release|Any CPU
		{3340C2EE-5002-46AB-9905-031C4B25DEB1}.Release|Any CPU.Build.0 = Release|Any CPU
		{E35E880C-EB7C-433D-9518-36CE59514480}.Debug|Any CPU.ActiveCfg = Debug|Any CPU
		{E35E880C-EB7C-433D-9518-36CE59514480}.Debug|Any CPU.Build.0 = Debug|Any CPU
		{E35E880C-EB7C-433D-9518-36CE59514480}.Release|Any CPU.ActiveCfg = Release|Any CPU
		{E35E880C-EB7C-433D-9518-36CE59514480}.Release|Any CPU.Build.0 = Release|Any CPU
		{FA6A3D58-8B62-4A51-8D50-3B96387D8E16}.Debug|Any CPU.ActiveCfg = Debug|Any CPU
		{FA6A3D58-8B62-4A51-8D50-3B96387D8E16}.Debug|Any CPU.Build.0 = Debug|Any CPU
		{FA6A3D58-8B62-4A51-8D50-3B96387D8E16}.Release|Any CPU.ActiveCfg = Release|Any CPU
		{FA6A3D58-8B62-4A51-8D50-3B96387D8E16}.Release|Any CPU.Build.0 = Release|Any CPU
		{9C503201-ADCD-4208-A551-F2A4F197C8B8}.Debug|Any CPU.ActiveCfg = Debug|Any CPU
		{9C503201-ADCD-4208-A551-F2A4F197C8B8}.Debug|Any CPU.Build.0 = Debug|Any CPU
		{9C503201-ADCD-4208-A551-F2A4F197C8B8}.Release|Any CPU.ActiveCfg = Release|Any CPU
		{9C503201-ADCD-4208-A551-F2A4F197C8B8}.Release|Any CPU.Build.0 = Release|Any CPU
		{E43B852A-1DD8-4AEB-9D43-D7EB2A04A6DD}.Debug|Any CPU.ActiveCfg = Debug|Any CPU
		{E43B852A-1DD8-4AEB-9D43-D7EB2A04A6DD}.Debug|Any CPU.Build.0 = Debug|Any CPU
		{E43B852A-1DD8-4AEB-9D43-D7EB2A04A6DD}.Release|Any CPU.ActiveCfg = Release|Any CPU
		{E43B852A-1DD8-4AEB-9D43-D7EB2A04A6DD}.Release|Any CPU.Build.0 = Release|Any CPU
		{D6DF74EC-9045-4F2D-9D7E-F21E9D3ED68D}.Debug|Any CPU.ActiveCfg = Debug|Any CPU
		{D6DF74EC-9045-4F2D-9D7E-F21E9D3ED68D}.Debug|Any CPU.Build.0 = Debug|Any CPU
		{D6DF74EC-9045-4F2D-9D7E-F21E9D3ED68D}.Release|Any CPU.ActiveCfg = Release|Any CPU
		{D6DF74EC-9045-4F2D-9D7E-F21E9D3ED68D}.Release|Any CPU.Build.0 = Release|Any CPU
		{7494496E-8D15-4E3D-BAE7-D147B5F87666}.Debug|Any CPU.ActiveCfg = Debug|Any CPU
		{7494496E-8D15-4E3D-BAE7-D147B5F87666}.Debug|Any CPU.Build.0 = Debug|Any CPU
		{7494496E-8D15-4E3D-BAE7-D147B5F87666}.Release|Any CPU.ActiveCfg = Release|Any CPU
		{7494496E-8D15-4E3D-BAE7-D147B5F87666}.Release|Any CPU.Build.0 = Release|Any CPU
		{91384748-CAB7-4792-8004-4BE4D7BD7AC3}.Debug|Any CPU.ActiveCfg = Debug|Any CPU
		{91384748-CAB7-4792-8004-4BE4D7BD7AC3}.Debug|Any CPU.Build.0 = Debug|Any CPU
		{91384748-CAB7-4792-8004-4BE4D7BD7AC3}.Release|Any CPU.ActiveCfg = Release|Any CPU
		{91384748-CAB7-4792-8004-4BE4D7BD7AC3}.Release|Any CPU.Build.0 = Release|Any CPU
		{CF9E5B51-6F3E-4859-A258-FD20A42BC8C8}.Debug|Any CPU.ActiveCfg = Debug|Any CPU
		{CF9E5B51-6F3E-4859-A258-FD20A42BC8C8}.Debug|Any CPU.Build.0 = Debug|Any CPU
		{CF9E5B51-6F3E-4859-A258-FD20A42BC8C8}.Release|Any CPU.ActiveCfg = Release|Any CPU
		{CF9E5B51-6F3E-4859-A258-FD20A42BC8C8}.Release|Any CPU.Build.0 = Release|Any CPU
		{C0B1339B-DC71-4A43-B00F-DFA726EBB636}.Debug|Any CPU.ActiveCfg = Debug|Any CPU
		{C0B1339B-DC71-4A43-B00F-DFA726EBB636}.Debug|Any CPU.Build.0 = Debug|Any CPU
		{C0B1339B-DC71-4A43-B00F-DFA726EBB636}.Release|Any CPU.ActiveCfg = Release|Any CPU
		{C0B1339B-DC71-4A43-B00F-DFA726EBB636}.Release|Any CPU.Build.0 = Release|Any CPU
		{FA730380-0E68-4A28-8150-6E1B932B2C96}.Debug|Any CPU.ActiveCfg = Debug|Any CPU
		{FA730380-0E68-4A28-8150-6E1B932B2C96}.Debug|Any CPU.Build.0 = Debug|Any CPU
		{FA730380-0E68-4A28-8150-6E1B932B2C96}.Release|Any CPU.ActiveCfg = Release|Any CPU
		{FA730380-0E68-4A28-8150-6E1B932B2C96}.Release|Any CPU.Build.0 = Release|Any CPU
		{53F251AB-E0DC-4B70-A181-9D94D9C5314E}.Debug|Any CPU.ActiveCfg = Debug|Any CPU
		{53F251AB-E0DC-4B70-A181-9D94D9C5314E}.Debug|Any CPU.Build.0 = Debug|Any CPU
		{53F251AB-E0DC-4B70-A181-9D94D9C5314E}.Release|Any CPU.ActiveCfg = Release|Any CPU
		{53F251AB-E0DC-4B70-A181-9D94D9C5314E}.Release|Any CPU.Build.0 = Release|Any CPU
		{996B86E6-C0FC-4A63-8752-CECDE94BAB69}.Debug|Any CPU.ActiveCfg = Debug|Any CPU
		{996B86E6-C0FC-4A63-8752-CECDE94BAB69}.Debug|Any CPU.Build.0 = Debug|Any CPU
		{996B86E6-C0FC-4A63-8752-CECDE94BAB69}.Release|Any CPU.ActiveCfg = Release|Any CPU
		{996B86E6-C0FC-4A63-8752-CECDE94BAB69}.Release|Any CPU.Build.0 = Release|Any CPU
		{299172C6-A910-433E-A060-D05A9370D152}.Debug|Any CPU.ActiveCfg = Debug|Any CPU
		{299172C6-A910-433E-A060-D05A9370D152}.Debug|Any CPU.Build.0 = Debug|Any CPU
		{299172C6-A910-433E-A060-D05A9370D152}.Release|Any CPU.ActiveCfg = Release|Any CPU
		{299172C6-A910-433E-A060-D05A9370D152}.Release|Any CPU.Build.0 = Release|Any CPU
		{0BFB8971-7DD7-4B4F-9F9D-BDF9FF5CA3E5}.Debug|Any CPU.ActiveCfg = Debug|Any CPU
		{0BFB8971-7DD7-4B4F-9F9D-BDF9FF5CA3E5}.Debug|Any CPU.Build.0 = Debug|Any CPU
		{0BFB8971-7DD7-4B4F-9F9D-BDF9FF5CA3E5}.Release|Any CPU.ActiveCfg = Release|Any CPU
		{0BFB8971-7DD7-4B4F-9F9D-BDF9FF5CA3E5}.Release|Any CPU.Build.0 = Release|Any CPU
		{2500438C-2699-4898-A69E-968845E1F8B4}.Debug|Any CPU.ActiveCfg = Debug|Any CPU
		{2500438C-2699-4898-A69E-968845E1F8B4}.Debug|Any CPU.Build.0 = Debug|Any CPU
		{2500438C-2699-4898-A69E-968845E1F8B4}.Release|Any CPU.ActiveCfg = Release|Any CPU
		{2500438C-2699-4898-A69E-968845E1F8B4}.Release|Any CPU.Build.0 = Release|Any CPU
		{185073C1-E810-47E4-9259-E438FB3927E6}.Debug|Any CPU.ActiveCfg = Debug|Any CPU
		{185073C1-E810-47E4-9259-E438FB3927E6}.Debug|Any CPU.Build.0 = Debug|Any CPU
		{185073C1-E810-47E4-9259-E438FB3927E6}.Release|Any CPU.ActiveCfg = Release|Any CPU
		{185073C1-E810-47E4-9259-E438FB3927E6}.Release|Any CPU.Build.0 = Release|Any CPU
		{6A5BB4C9-B333-49AD-9EF5-7CAF17D161E0}.Debug|Any CPU.ActiveCfg = Debug|Any CPU
		{6A5BB4C9-B333-49AD-9EF5-7CAF17D161E0}.Debug|Any CPU.Build.0 = Debug|Any CPU
		{6A5BB4C9-B333-49AD-9EF5-7CAF17D161E0}.Release|Any CPU.ActiveCfg = Release|Any CPU
		{6A5BB4C9-B333-49AD-9EF5-7CAF17D161E0}.Release|Any CPU.Build.0 = Release|Any CPU
		{EE51FCD7-869F-4AFA-B85B-4030504B1663}.Debug|Any CPU.ActiveCfg = Debug|Any CPU
		{EE51FCD7-869F-4AFA-B85B-4030504B1663}.Debug|Any CPU.Build.0 = Debug|Any CPU
		{EE51FCD7-869F-4AFA-B85B-4030504B1663}.Release|Any CPU.ActiveCfg = Release|Any CPU
		{EE51FCD7-869F-4AFA-B85B-4030504B1663}.Release|Any CPU.Build.0 = Release|Any CPU
		{608DC362-3A1D-4328-834A-BA0B836D5AA4}.Debug|Any CPU.ActiveCfg = Debug|Any CPU
		{608DC362-3A1D-4328-834A-BA0B836D5AA4}.Debug|Any CPU.Build.0 = Debug|Any CPU
		{608DC362-3A1D-4328-834A-BA0B836D5AA4}.Release|Any CPU.ActiveCfg = Release|Any CPU
		{608DC362-3A1D-4328-834A-BA0B836D5AA4}.Release|Any CPU.Build.0 = Release|Any CPU
		{EF8AE7B9-E9EF-4714-85FE-31CB2A3482F5}.Debug|Any CPU.ActiveCfg = Debug|Any CPU
		{EF8AE7B9-E9EF-4714-85FE-31CB2A3482F5}.Debug|Any CPU.Build.0 = Debug|Any CPU
		{EF8AE7B9-E9EF-4714-85FE-31CB2A3482F5}.Release|Any CPU.ActiveCfg = Release|Any CPU
		{EF8AE7B9-E9EF-4714-85FE-31CB2A3482F5}.Release|Any CPU.Build.0 = Release|Any CPU
		{5D155D28-F5DF-42AB-9C65-FB0CE0327C20}.Debug|Any CPU.ActiveCfg = Debug|Any CPU
		{5D155D28-F5DF-42AB-9C65-FB0CE0327C20}.Debug|Any CPU.Build.0 = Debug|Any CPU
		{5D155D28-F5DF-42AB-9C65-FB0CE0327C20}.Release|Any CPU.ActiveCfg = Release|Any CPU
		{5D155D28-F5DF-42AB-9C65-FB0CE0327C20}.Release|Any CPU.Build.0 = Release|Any CPU
		{6BB6D8B4-F2CA-4852-8284-F638E1151170}.Debug|Any CPU.ActiveCfg = Debug|Any CPU
		{6BB6D8B4-F2CA-4852-8284-F638E1151170}.Debug|Any CPU.Build.0 = Debug|Any CPU
		{6BB6D8B4-F2CA-4852-8284-F638E1151170}.Release|Any CPU.ActiveCfg = Release|Any CPU
		{6BB6D8B4-F2CA-4852-8284-F638E1151170}.Release|Any CPU.Build.0 = Release|Any CPU
		{2C5CB516-FED9-4C8A-8880-5E1E5F7AD03B}.Debug|Any CPU.ActiveCfg = Debug|Any CPU
		{2C5CB516-FED9-4C8A-8880-5E1E5F7AD03B}.Debug|Any CPU.Build.0 = Debug|Any CPU
		{2C5CB516-FED9-4C8A-8880-5E1E5F7AD03B}.Release|Any CPU.ActiveCfg = Release|Any CPU
		{2C5CB516-FED9-4C8A-8880-5E1E5F7AD03B}.Release|Any CPU.Build.0 = Release|Any CPU
	EndGlobalSection
EndGlobal
